Microsoft Visual Studio Solution File, Format Version 12.00
# Visual Studio Version 17
VisualStudioVersion = 17.5.2.0
MinimumVisualStudioVersion = 10.0.40219.1
Project("{FAE04EC0-301F-11D3-BF4B-00C04F79EFBC}") = "TestSample", "TestSample.csproj", "{E9785F39-6697-FAB9-0FCA-C5F58DDC328B}"
EndProject
Global
	GlobalSection(SolutionConfigurationPlatforms) = preSolution
		Debug|Any CPU = Debug|Any CPU
		Release|Any CPU = Release|Any CPU
	EndGlobalSection
	GlobalSection(ProjectConfigurationPlatforms) = postSolution
		{E9785F39-6697-FAB9-0FCA-C5F58DDC328B}.Debug|Any CPU.ActiveCfg = Debug|Any CPU
		{E9785F39-6697-FAB9-0FCA-C5F58DDC328B}.Debug|Any CPU.Build.0 = Debug|Any CPU
		{E9785F39-6697-FAB9-0FCA-C5F58DDC328B}.Release|Any CPU.ActiveCfg = Release|Any CPU
		{E9785F39-6697-FAB9-0FCA-C5F58DDC328B}.Release|Any CPU.Build.0 = Release|Any CPU
	EndGlobalSection
	GlobalSection(SolutionProperties) = preSolution
		HideSolutionNode = FALSE
	EndGlobalSection
	GlobalSection(ExtensibilityGlobals) = postSolution
		SolutionGuid = {EBF824AC-F919-4F4C-9AFD-894F38F8586B}
	EndGlobalSection
EndGlobal
